
Microsoft Visual Studio Solution File, Format Version 11.00
# Visual Studio 2010
Project("{FAE04EC0-301F-11D3-BF4B-00C04F79EFBC}") = "Assembly-CSharp", "Assembly-CSharp.csproj", "{8B1F09D1-5839-A78B-1DF9-E54F2C3E33F8}"
EndProject
Project("{FAE04EC0-301F-11D3-BF4B-00C04F79EFBC}") = "Assembly-CSharp-firstpass", "Assembly-CSharp-firstpass.csproj", "{2173E8F5-7180-4374-CB2D-38730EBD9179}"
EndProject
Project("{FAE04EC0-301F-11D3-BF4B-00C04F79EFBC}") = "Assembly-CSharp-Editor-firstpass", "Assembly-CSharp-Editor-firstpass.csproj", "{5AD40FCE-423B-3857-25DC-62D94A750942}"
EndProject
Global
	GlobalSection(SolutionConfigurationPlatforms) = preSolution
		Debug|Any CPU = Debug|Any CPU
		Release|Any CPU = Release|Any CPU
	EndGlobalSection
	GlobalSection(ProjectConfigurationPlatforms) = postSolution
		{8B1F09D1-5839-A78B-1DF9-E54F2C3E33F8}.Debug|Any CPU.ActiveCfg = Debug|Any CPU
		{8B1F09D1-5839-A78B-1DF9-E54F2C3E33F8}.Debug|Any CPU.Build.0 = Debug|Any CPU
		{8B1F09D1-5839-A78B-1DF9-E54F2C3E33F8}.Release|Any CPU.ActiveCfg = Release|Any CPU
		{8B1F09D1-5839-A78B-1DF9-E54F2C3E33F8}.Release|Any CPU.Build.0 = Release|Any CPU
		{2173E8F5-7180-4374-CB2D-38730EBD9179}.Debug|Any CPU.ActiveCfg = Debug|Any CPU
		{2173E8F5-7180-4374-CB2D-38730EBD9179}.Debug|Any CPU.Build.0 = Debug|Any CPU
		{2173E8F5-7180-4374-CB2D-38730EBD9179}.Release|Any CPU.ActiveCfg = Release|Any CPU
		{2173E8F5-7180-4374-CB2D-38730EBD9179}.Release|Any CPU.Build.0 = Release|Any CPU
		{5AD40FCE-423B-3857-25DC-62D94A750942}.Debug|Any CPU.ActiveCfg = Debug|Any CPU
		{5AD40FCE-423B-3857-25DC-62D94A750942}.Debug|Any CPU.Build.0 = Debug|Any CPU
		{5AD40FCE-423B-3857-25DC-62D94A750942}.Release|Any CPU.ActiveCfg = Release|Any CPU
		{5AD40FCE-423B-3857-25DC-62D94A750942}.Release|Any CPU.Build.0 = Release|Any CPU
	EndGlobalSection
	GlobalSection(SolutionProperties) = preSolution
		HideSolutionNode = FALSE
	EndGlobalSection
	GlobalSection(MonoDevelopProperties) = preSolution
		StartupItem = Assembly-CSharp.csproj
	EndGlobalSection
EndGlobal
